
Microsoft Visual Studio Solution File, Format Version 12.00
# Visual Studio Version 17
VisualStudioVersion = 17.7.34009.444
MinimumVisualStudioVersion = 10.0.40219.1
Project("{9A19103F-16F7-4668-BE54-9A1E7A4F7556}") = "TesisBackend", "TesisBackend\TesisBackend.csproj", "{CE77D2B3-B1A2-466C-A270-FC19A81D55CC}"
EndProject
Project("{2150E333-8FDC-42A3-9474-1A3956D46DE8}") = "Core", "Core", "{89A2EE84-ED6C-418F-B161-96303E2F1994}"
EndProject
Project("{9A19103F-16F7-4668-BE54-9A1E7A4F7556}") = "Application", "Application\Application.csproj", "{8B053CF5-7427-4DDF-86F5-8DEF61A82EF9}"
EndProject
Project("{9A19103F-16F7-4668-BE54-9A1E7A4F7556}") = "Domain", "Domain\Domain.csproj", "{1B44B2A2-1DAB-4016-A95D-522257161AD9}"
EndProject
Project("{2150E333-8FDC-42A3-9474-1A3956D46DE8}") = "Infrastructure", "Infrastructure", "{5D66F36A-C7B4-4735-B8A7-8973B843F44D}"
EndProject
Project("{2150E333-8FDC-42A3-9474-1A3956D46DE8}") = "Shared", "Shared", "{6204F7F5-257D-4E7F-B374-BFC9229BDBAE}"
EndProject
Project("{2150E333-8FDC-42A3-9474-1A3956D46DE8}") = "Web", "Web", "{9C3D106F-519E-4FAD-9039-8D0FEE8DFC5A}"
EndProject
Project("{9A19103F-16F7-4668-BE54-9A1E7A4F7556}") = "IoC", "IoC\IoC.csproj", "{F5DF8433-B968-401C-9CBA-B911F118465F}"
EndProject
Project("{9A19103F-16F7-4668-BE54-9A1E7A4F7556}") = "Repository", "Repository\Repository.csproj", "{9ACAE472-4063-4EA2-B908-3CC06EED09E8}"
EndProject
Project("{9A19103F-16F7-4668-BE54-9A1E7A4F7556}") = "DTOs", "DTOs\DTOs.csproj", "{ADCEE864-C07B-418C-B57B-82626BD6404A}"
EndProject
Project("{9A19103F-16F7-4668-BE54-9A1E7A4F7556}") = "Contracts", "Contracts\Contracts.csproj", "{5D5AAD6A-FCAB-4937-961B-481E6F0C0C20}"
EndProject
Global
	GlobalSection(SolutionConfigurationPlatforms) = preSolution
		Debug|Any CPU = Debug|Any CPU
		Release|Any CPU = Release|Any CPU
	EndGlobalSection
	GlobalSection(ProjectConfigurationPlatforms) = postSolution
		{CE77D2B3-B1A2-466C-A270-FC19A81D55CC}.Debug|Any CPU.ActiveCfg = Debug|Any CPU
		{CE77D2B3-B1A2-466C-A270-FC19A81D55CC}.Debug|Any CPU.Build.0 = Debug|Any CPU
		{CE77D2B3-B1A2-466C-A270-FC19A81D55CC}.Release|Any CPU.ActiveCfg = Release|Any CPU
		{CE77D2B3-B1A2-466C-A270-FC19A81D55CC}.Release|Any CPU.Build.0 = Release|Any CPU
		{8B053CF5-7427-4DDF-86F5-8DEF61A82EF9}.Debug|Any CPU.ActiveCfg = Debug|Any CPU
		{8B053CF5-7427-4DDF-86F5-8DEF61A82EF9}.Debug|Any CPU.Build.0 = Debug|Any CPU
		{8B053CF5-7427-4DDF-86F5-8DEF61A82EF9}.Release|Any CPU.ActiveCfg = Release|Any CPU
		{8B053CF5-7427-4DDF-86F5-8DEF61A82EF9}.Release|Any CPU.Build.0 = Release|Any CPU
		{1B44B2A2-1DAB-4016-A95D-522257161AD9}.Debug|Any CPU.ActiveCfg = Debug|Any CPU
		{1B44B2A2-1DAB-4016-A95D-522257161AD9}.Debug|Any CPU.Build.0 = Debug|Any CPU
		{1B44B2A2-1DAB-4016-A95D-522257161AD9}.Release|Any CPU.ActiveCfg = Release|Any CPU
		{1B44B2A2-1DAB-4016-A95D-522257161AD9}.Release|Any CPU.Build.0 = Release|Any CPU
		{F5DF8433-B968-401C-9CBA-B911F118465F}.Debug|Any CPU.ActiveCfg = Debug|Any CPU
		{F5DF8433-B968-401C-9CBA-B911F118465F}.Debug|Any CPU.Build.0 = Debug|Any CPU
		{F5DF8433-B968-401C-9CBA-B911F118465F}.Release|Any CPU.ActiveCfg = Release|Any CPU
		{F5DF8433-B968-401C-9CBA-B911F118465F}.Release|Any CPU.Build.0 = Release|Any CPU
		{9ACAE472-4063-4EA2-B908-3CC06EED09E8}.Debug|Any CPU.ActiveCfg = Debug|Any CPU
		{9ACAE472-4063-4EA2-B908-3CC06EED09E8}.Debug|Any CPU.Build.0 = Debug|Any CPU
		{9ACAE472-4063-4EA2-B908-3CC06EED09E8}.Release|Any CPU.ActiveCfg = Release|Any CPU
		{9ACAE472-4063-4EA2-B908-3CC06EED09E8}.Release|Any CPU.Build.0 = Release|Any CPU
		{ADCEE864-C07B-418C-B57B-82626BD6404A}.Debug|Any CPU.ActiveCfg = Debug|Any CPU
		{ADCEE864-C07B-418C-B57B-82626BD6404A}.Debug|Any CPU.Build.0 = Debug|Any CPU
		{ADCEE864-C07B-418C-B57B-82626BD6404A}.Release|Any CPU.ActiveCfg = Release|Any CPU
		{ADCEE864-C07B-418C-B57B-82626BD6404A}.Release|Any CPU.Build.0 = Release|Any CPU
		{5D5AAD6A-FCAB-4937-961B-481E6F0C0C20}.Debug|Any CPU.ActiveCfg = Debug|Any CPU
		{5D5AAD6A-FCAB-4937-961B-481E6F0C0C20}.Debug|Any CPU.Build.0 = Debug|Any CPU
		{5D5AAD6A-FCAB-4937-961B-481E6F0C0C20}.Release|Any CPU.ActiveCfg = Release|Any CPU
		{5D5AAD6A-FCAB-4937-961B-481E6F0C0C20}.Release|Any CPU.Build.0 = Release|Any CPU
	EndGlobalSection
	GlobalSection(SolutionProperties) = preSolution
		HideSolutionNode = FALSE
	EndGlobalSection
	GlobalSection(NestedProjects) = preSolution
		{CE77D2B3-B1A2-466C-A270-FC19A81D55CC} = {9C3D106F-519E-4FAD-9039-8D0FEE8DFC5A}
		{8B053CF5-7427-4DDF-86F5-8DEF61A82EF9} = {89A2EE84-ED6C-418F-B161-96303E2F1994}
		{1B44B2A2-1DAB-4016-A95D-522257161AD9} = {89A2EE84-ED6C-418F-B161-96303E2F1994}
		{F5DF8433-B968-401C-9CBA-B911F118465F} = {5D66F36A-C7B4-4735-B8A7-8973B843F44D}
		{9ACAE472-4063-4EA2-B908-3CC06EED09E8} = {5D66F36A-C7B4-4735-B8A7-8973B843F44D}
		{ADCEE864-C07B-418C-B57B-82626BD6404A} = {6204F7F5-257D-4E7F-B374-BFC9229BDBAE}
		{5D5AAD6A-FCAB-4937-961B-481E6F0C0C20} = {6204F7F5-257D-4E7F-B374-BFC9229BDBAE}
	EndGlobalSection
	GlobalSection(ExtensibilityGlobals) = postSolution
		SolutionGuid = {3A07A692-612A-46EC-BFB2-419D84E532D8}
	EndGlobalSection
EndGlobal
